// !$*UTF8*$!
{
	archiveVersion = 1;
	classes = {
	};
	objectVersion = 55;
	objects = {

/* Begin PBXBuildFile section */
		AC8744A3287556B7005A0C0B /* ArcShape.swift in Sources */ = {isa = PBXBuildFile; fileRef = AC8744A2287556B7005A0C0B /* ArcShape.swift */; };
		ACF3AE242874415700B74EE9 /* PizzaAppApp.swift in Sources */ = {isa = PBXBuildFile; fileRef = ACF3AE232874415700B74EE9 /* PizzaAppApp.swift */; };
		ACF3AE262874415700B74EE9 /* ContentView.swift in Sources */ = {isa = PBXBuildFile; fileRef = ACF3AE252874415700B74EE9 /* ContentView.swift */; };
		ACF3AE282874415900B74EE9 /* Assets.xcassets in Resources */ = {isa = PBXBuildFile; fileRef = ACF3AE272874415900B74EE9 /* Assets.xcassets */; };
		ACF3AE2B2874415900B74EE9 /* Preview Assets.xcassets in Resources */ = {isa = PBXBuildFile; fileRef = ACF3AE2A2874415900B74EE9 /* Preview Assets.xcassets */; };
		ACF3AE352874415900B74EE9 /* PizzaAppTests.swift in Sources */ = {isa = PBXBuildFile; fileRef = ACF3AE342874415900B74EE9 /* PizzaAppTests.swift */; };
		ACF3AE3F2874415900B74EE9 /* PizzaAppUITests.swift in Sources */ = {isa = PBXBuildFile; fileRef = ACF3AE3E2874415900B74EE9 /* PizzaAppUITests.swift */; };
		ACF3AE412874415900B74EE9 /* PizzaAppUITestsLaunchTests.swift in Sources */ = {isa = PBXBuildFile; fileRef = ACF3AE402874415900B74EE9 /* PizzaAppUITestsLaunchTests.swift */; };
		ACF3AE4F2874425100B74EE9 /* PizzaViewModel.swift in Sources */ = {isa = PBXBuildFile; fileRef = ACF3AE4E2874425100B74EE9 /* PizzaViewModel.swift */; };
		ACF3AE52287445CF00B74EE9 /* Home.swift in Sources */ = {isa = PBXBuildFile; fileRef = ACF3AE51287445CF00B74EE9 /* Home.swift */; };
/* End PBXBuildFile section */

/* Begin PBXContainerItemProxy section */
		ACF3AE312874415900B74EE9 /* PBXContainerItemProxy */ = {
			isa = PBXContainerItemProxy;
			containerPortal = ACF3AE182874415700B74EE9 /* Project object */;
			proxyType = 1;
			remoteGlobalIDString = ACF3AE1F2874415700B74EE9;
			remoteInfo = PizzaApp;
		};
		ACF3AE3B2874415900B74EE9 /* PBXContainerItemProxy */ = {
			isa = PBXContainerItemProxy;
			containerPortal = ACF3AE182874415700B74EE9 /* Project object */;
			proxyType = 1;
			remoteGlobalIDString = ACF3AE1F2874415700B74EE9;
			remoteInfo = PizzaApp;
		};
/* End PBXContainerItemProxy section */

/* Begin PBXFileReference section */
		AC8744A2287556B7005A0C0B /* ArcShape.swift */ = {isa = PBXFileReference; lastKnownFileType = sourcecode.swift; path = ArcShape.swift; sourceTree = "<group>"; };
		ACF3AE202874415700B74EE9 /* PizzaApp.app */ = {isa = PBXFileReference; explicitFileType = wrapper.application; includeInIndex = 0; path = PizzaApp.app; sourceTree = BUILT_PRODUCTS_DIR; };
		ACF3AE232874415700B74EE9 /* PizzaAppApp.swift */ = {isa = PBXFileReference; lastKnownFileType = sourcecode.swift; path = PizzaAppApp.swift; sourceTree = "<group>"; };
		ACF3AE252874415700B74EE9 /* ContentView.swift */ = {isa = PBXFileReference; lastKnownFileType = sourcecode.swift; path = ContentView.swift; sourceTree = "<group>"; };
		ACF3AE272874415900B74EE9 /* Assets.xcassets */ = {isa = PBXFileReference; lastKnownFileType = folder.assetcatalog; path = Assets.xcassets; sourceTree = "<group>"; };
		ACF3AE2A2874415900B74EE9 /* Preview Assets.xcassets */ = {isa = PBXFileReference; lastKnownFileType = folder.assetcatalog; path = "Preview Assets.xcassets"; sourceTree = "<group>"; };
		ACF3AE302874415900B74EE9 /* PizzaAppTests.xctest */ = {isa = PBXFileReference; explicitFileType = wrapper.cfbundle; includeInIndex = 0; path = PizzaAppTests.xctest; sourceTree = BUILT_PRODUCTS_DIR; };
		ACF3AE342874415900B74EE9 /* PizzaAppTests.swift */ = {isa = PBXFileReference; lastKnownFileType = sourcecode.swift; path = PizzaAppTests.swift; sourceTree = "<group>"; };
		ACF3AE3A2874415900B74EE9 /* PizzaAppUITests.xctest */ = {isa = PBXFileReference; explicitFileType = wrapper.cfbundle; includeInIndex = 0; path = PizzaAppUITests.xctest; sourceTree = BUILT_PRODUCTS_DIR; };
		ACF3AE3E2874415900B74EE9 /* PizzaAppUITests.swift */ = {isa = PBXFileReference; lastKnownFileType = sourcecode.swift; path = PizzaAppUITests.swift; sourceTree = "<group>"; };
		ACF3AE402874415900B74EE9 /* PizzaAppUITestsLaunchTests.swift */ = {isa = PBXFileReference; lastKnownFileType = sourcecode.swift; path = PizzaAppUITestsLaunchTests.swift; sourceTree = "<group>"; };
		ACF3AE4E2874425100B74EE9 /* PizzaViewModel.swift */ = {isa = PBXFileReference; lastKnownFileType = sourcecode.swift; path = PizzaViewModel.swift; sourceTree = "<group>"; };
		ACF3AE51287445CF00B74EE9 /* Home.swift */ = {isa = PBXFileReference; lastKnownFileType = sourcecode.swift; path = Home.swift; sourceTree = "<group>"; };
/* End PBXFileReference section */

/* Begin PBXFrameworksBuildPhase section */
		ACF3AE1D2874415700B74EE9 /* Frameworks */ = {
			isa = PBXFrameworksBuildPhase;
			buildActionMask = 2147483647;
			files = (
			);
			runOnlyForDeploymentPostprocessing = 0;
		};
		ACF3AE2D2874415900B74EE9 /* Frameworks */ = {
			isa = PBXFrameworksBuildPhase;
			buildActionMask = 2147483647;
			files = (
			);
			runOnlyForDeploymentPostprocessing = 0;
		};
		ACF3AE372874415900B74EE9 /* Frameworks */ = {
			isa = PBXFrameworksBuildPhase;
			buildActionMask = 2147483647;
			files = (
			);
			runOnlyForDeploymentPostprocessing = 0;
		};
/* End PBXFrameworksBuildPhase section */

/* Begin PBXGroup section */
		ACF3AE172874415700B74EE9 = {
			isa = PBXGroup;
			children = (
				ACF3AE222874415700B74EE9 /* PizzaApp */,
				ACF3AE332874415900B74EE9 /* PizzaAppTests */,
				ACF3AE3D2874415900B74EE9 /* PizzaAppUITests */,
				ACF3AE212874415700B74EE9 /* Products */,
			);
			sourceTree = "<group>";
		};
		ACF3AE212874415700B74EE9 /* Products */ = {
			isa = PBXGroup;
			children = (
				ACF3AE202874415700B74EE9 /* PizzaApp.app */,
				ACF3AE302874415900B74EE9 /* PizzaAppTests.xctest */,
				ACF3AE3A2874415900B74EE9 /* PizzaAppUITests.xctest */,
			);
			name = Products;
			sourceTree = "<group>";
		};
		ACF3AE222874415700B74EE9 /* PizzaApp */ = {
			isa = PBXGroup;
			children = (
				ACF3AE50287445C000B74EE9 /* View */,
				ACF3AE4D2874423700B74EE9 /* ViewModel */,
				ACF3AE232874415700B74EE9 /* PizzaAppApp.swift */,
				ACF3AE252874415700B74EE9 /* ContentView.swift */,
				ACF3AE272874415900B74EE9 /* Assets.xcassets */,
				ACF3AE292874415900B74EE9 /* Preview Content */,
			);
			path = PizzaApp;
			sourceTree = "<group>";
		};
		ACF3AE292874415900B74EE9 /* Preview Content */ = {
			isa = PBXGroup;
			children = (
				ACF3AE2A2874415900B74EE9 /* Preview Assets.xcassets */,
			);
			path = "Preview Content";
			sourceTree = "<group>";
		};
		ACF3AE332874415900B74EE9 /* PizzaAppTests */ = {
			isa = PBXGroup;
			children = (
				ACF3AE342874415900B74EE9 /* PizzaAppTests.swift */,
			);
			path = PizzaAppTests;
			sourceTree = "<group>";
		};
		ACF3AE3D2874415900B74EE9 /* PizzaAppUITests */ = {
			isa = PBXGroup;
			children = (
				ACF3AE3E2874415900B74EE9 /* PizzaAppUITests.swift */,
				ACF3AE402874415900B74EE9 /* PizzaAppUITestsLaunchTests.swift */,
			);
			path = PizzaAppUITests;
			sourceTree = "<group>";
		};
		ACF3AE4D2874423700B74EE9 /* ViewModel */ = {
			isa = PBXGroup;
			children = (
				ACF3AE4E2874425100B74EE9 /* PizzaViewModel.swift */,
			);
			path = ViewModel;
			sourceTree = "<group>";
		};
		ACF3AE50287445C000B74EE9 /* View */ = {
			isa = PBXGroup;
			children = (
				ACF3AE51287445CF00B74EE9 /* Home.swift */,
				AC8744A2287556B7005A0C0B /* ArcShape.swift */,
			);
			path = View;
			sourceTree = "<group>";
		};
/* End PBXGroup section */

/* Begin PBXNativeTarget section */
		ACF3AE1F2874415700B74EE9 /* PizzaApp */ = {
			isa = PBXNativeTarget;
			buildConfigurationList = ACF3AE442874415900B74EE9 /* Build configuration list for PBXNativeTarget "PizzaApp" */;
			buildPhases = (
				ACF3AE1C2874415700B74EE9 /* Sources */,
				ACF3AE1D2874415700B74EE9 /* Frameworks */,
				ACF3AE1E2874415700B74EE9 /* Resources */,
			);
			buildRules = (
			);
			dependencies = (
			);
			name = PizzaApp;
			productName = PizzaApp;
			productReference = ACF3AE202874415700B74EE9 /* PizzaApp.app */;
			productType = "com.apple.product-type.application";
		};
		ACF3AE2F2874415900B74EE9 /* PizzaAppTests */ = {
			isa = PBXNativeTarget;
			buildConfigurationList = ACF3AE472874415900B74EE9 /* Build configuration list for PBXNativeTarget "PizzaAppTests" */;
			buildPhases = (
				ACF3AE2C2874415900B74EE9 /* Sources */,
				ACF3AE2D2874415900B74EE9 /* Frameworks */,
				ACF3AE2E2874415900B74EE9 /* Resources */,
			);
			buildRules = (
			);
			dependencies = (
				ACF3AE322874415900B74EE9 /* PBXTargetDependency */,
			);
			name = PizzaAppTests;
			productName = PizzaAppTests;
			productReference = ACF3AE302874415900B74EE9 /* PizzaAppTests.xctest */;
			productType = "com.apple.product-type.bundle.unit-test";
		};
		ACF3AE392874415900B74EE9 /* PizzaAppUITests */ = {
			isa = PBXNativeTarget;
			buildConfigurationList = ACF3AE4A2874415900B74EE9 /* Build configuration list for PBXNativeTarget "PizzaAppUITests" */;
			buildPhases = (
				ACF3AE362874415900B74EE9 /* Sources */,
				ACF3AE372874415900B74EE9 /* Frameworks */,
				ACF3AE382874415900B74EE9 /* Resources */,
			);
			buildRules = (
			);
			dependencies = (
				ACF3AE3C2874415900B74EE9 /* PBXTargetDependency */,
			);
			name = PizzaAppUITests;
			productName = PizzaAppUITests;
			productReference = ACF3AE3A2874415900B74EE9 /* PizzaAppUITests.xctest */;
			productType = "com.apple.product-type.bundle.ui-testing";
		};
/* End PBXNativeTarget section */

/* Begin PBXProject section */
		ACF3AE182874415700B74EE9 /* Project object */ = {
			isa = PBXProject;
			attributes = {
				BuildIndependentTargetsInParallel = 1;
				LastSwiftUpdateCheck = 1340;
				LastUpgradeCheck = 1340;
				TargetAttributes = {
					ACF3AE1F2874415700B74EE9 = {
						CreatedOnToolsVersion = 13.4.1;
					};
					ACF3AE2F2874415900B74EE9 = {
						CreatedOnToolsVersion = 13.4.1;
						TestTargetID = ACF3AE1F2874415700B74EE9;
					};
					ACF3AE392874415900B74EE9 = {
						CreatedOnToolsVersion = 13.4.1;
						TestTargetID = ACF3AE1F2874415700B74EE9;
					};
				};
			};
			buildConfigurationList = ACF3AE1B2874415700B74EE9 /* Build configuration list for PBXProject "PizzaApp" */;
			compatibilityVersion = "Xcode 13.0";
			developmentRegion = en;
			hasScannedForEncodings = 0;
			knownRegions = (
				en,
				Base,
			);
			mainGroup = ACF3AE172874415700B74EE9;
			productRefGroup = ACF3AE212874415700B74EE9 /* Products */;
			projectDirPath = "";
			projectRoot = "";
			targets = (
				ACF3AE1F2874415700B74EE9 /* PizzaApp */,
				ACF3AE2F2874415900B74EE9 /* PizzaAppTests */,
				ACF3AE392874415900B74EE9 /* PizzaAppUITests */,
			);
		};
/* End PBXProject section */

/* Begin PBXResourcesBuildPhase section */
		ACF3AE1E2874415700B74EE9 /* Resources */ = {
			isa = PBXResourcesBuildPhase;
			buildActionMask = 2147483647;
			files = (
				ACF3AE2B2874415900B74EE9 /* Preview Assets.xcassets in Resources */,
				ACF3AE282874415900B74EE9 /* Assets.xcassets in Resources */,
			);
			runOnlyForDeploymentPostprocessing = 0;
		};
		ACF3AE2E2874415900B74EE9 /* Resources */ = {
			isa = PBXResourcesBuildPhase;
			buildActionMask = 2147483647;
			files = (
			);
			runOnlyForDeploymentPostprocessing = 0;
		};
		ACF3AE382874415900B74EE9 /* Resources */ = {
			isa = PBXResourcesBuildPhase;
			buildActionMask = 2147483647;
			files = (
			);
			runOnlyForDeploymentPostprocessing = 0;
		};
/* End PBXResourcesBuildPhase section */

/* Begin PBXSourcesBuildPhase section */
		ACF3AE1C2874415700B74EE9 /* Sources */ = {
			isa = PBXSourcesBuildPhase;
			buildActionMask = 2147483647;
			files = (
				ACF3AE262874415700B74EE9 /* ContentView.swift in Sources */,
				AC8744A3287556B7005A0C0B /* ArcShape.swift in Sources */,
				ACF3AE242874415700B74EE9 /* PizzaAppApp.swift in Sources */,
				ACF3AE52287445CF00B74EE9 /* Home.swift in Sources */,
				ACF3AE4F2874425100B74EE9 /* PizzaViewModel.swift in Sources */,
			);
			runOnlyForDeploymentPostprocessing = 0;
		};
		ACF3AE2C2874415900B74EE9 /* Sources */ = {
			isa = PBXSourcesBuildPhase;
			buildActionMask = 2147483647;
			files = (
				ACF3AE352874415900B74EE9 /* PizzaAppTests.swift in Sources */,
			);
			runOnlyForDeploymentPostprocessing = 0;
		};
		ACF3AE362874415900B74EE9 /* Sources */ = {
			isa = PBXSourcesBuildPhase;
			buildActionMask = 2147483647;
			files = (
				ACF3AE412874415900B74EE9 /* PizzaAppUITestsLaunchTests.swift in Sources */,
				ACF3AE3F2874415900B74EE9 /* PizzaAppUITests.swift in Sources */,
			);
			runOnlyForDeploymentPostprocessing = 0;
		};
/* End PBXSourcesBuildPhase section */

/* Begin PBXTargetDependency section */
		ACF3AE322874415900B74EE9 /* PBXTargetDependency */ = {
			isa = PBXTargetDependency;
			target = ACF3AE1F2874415700B74EE9 /* PizzaApp */;
			targetProxy = ACF3AE312874415900B74EE9 /* PBXContainerItemProxy */;
		};
		ACF3AE3C2874415900B74EE9 /* PBXTargetDependency */ = {
			isa = PBXTargetDependency;
			target = ACF3AE1F2874415700B74EE9 /* PizzaApp */;
			targetProxy = ACF3AE3B2874415900B74EE9 /* PBXContainerItemProxy */;
		};
/* End PBXTargetDependency section */

/* Begin XCBuildConfiguration section */
		ACF3AE422874415900B74EE9 /* Debug */ = {
			isa = XCBuildConfiguration;
			buildSettings = {
				ALWAYS_SEARCH_USER_PATHS = NO;
				CLANG_ANALYZER_NONNULL = YES;
				CLANG_ANALYZER_NUMBER_OBJECT_CONVERSION = YES_AGGRESSIVE;
				CLANG_CXX_LANGUAGE_STANDARD = "gnu++17";
				CLANG_ENABLE_MODULES = YES;
				CLANG_ENABLE_OBJC_ARC = YES;
				CLANG_ENABLE_OBJC_WEAK = YES;
				CLANG_WARN_BLOCK_CAPTURE_AUTORELEASING = YES;
				CLANG_WARN_BOOL_CONVERSION = YES;
				CLANG_WARN_COMMA = YES;
				CLANG_WARN_CONSTANT_CONVERSION = YES;
				CLANG_WARN_DEPRECATED_OBJC_IMPLEMENTATIONS = YES;
				CLANG_WARN_DIRECT_OBJC_ISA_USAGE = YES_ERROR;
				CLANG_WARN_DOCUMENTATION_COMMENTS = YES;
				CLANG_WARN_EMPTY_BODY = YES;
				CLANG_WARN_ENUM_CONVERSION = YES;
				CLANG_WARN_INFINITE_RECURSION = YES;
				CLANG_WARN_INT_CONVERSION = YES;
				CLANG_WARN_NON_LITERAL_NULL_CONVERSION = YES;
				CLANG_WARN_OBJC_IMPLICIT_RETAIN_SELF = YES;
				CLANG_WARN_OBJC_LITERAL_CONVERSION = YES;
				CLANG_WARN_OBJC_ROOT_CLASS = YES_ERROR;
				CLANG_WARN_QUOTED_INCLUDE_IN_FRAMEWORK_HEADER = YES;
				CLANG_WARN_RANGE_LOOP_ANALYSIS = YES;
				CLANG_WARN_STRICT_PROTOTYPES = YES;
				CLANG_WARN_SUSPICIOUS_MOVE = YES;
				CLANG_WARN_UNGUARDED_AVAILABILITY = YES_AGGRESSIVE;
				CLANG_WARN_UNREACHABLE_CODE = YES;
				CLANG_WARN__DUPLICATE_METHOD_MATCH = YES;
				COPY_PHASE_STRIP = NO;
				DEBUG_INFORMATION_FORMAT = dwarf;
				ENABLE_STRICT_OBJC_MSGSEND = YES;
				ENABLE_TESTABILITY = YES;
				GCC_C_LANGUAGE_STANDARD = gnu11;
				GCC_DYNAMIC_NO_PIC = NO;
				GCC_NO_COMMON_BLOCKS = YES;
				GCC_OPTIMIZATION_LEVEL = 0;
				GCC_PREPROCESSOR_DEFINITIONS = (
					"DEBUG=1",
					"$(inherited)",
				);
				GCC_WARN_64_TO_32_BIT_CONVERSION = YES;
				GCC_WARN_ABOUT_RETURN_TYPE = YES_ERROR;
				GCC_WARN_UNDECLARED_SELECTOR = YES;
				GCC_WARN_UNINITIALIZED_AUTOS = YES_AGGRESSIVE;
				GCC_WARN_UNUSED_FUNCTION = YES;
				GCC_WARN_UNUSED_VARIABLE = YES;
				IPHONEOS_DEPLOYMENT_TARGET = 15.5;
				MTL_ENABLE_DEBUG_INFO = INCLUDE_SOURCE;
				MTL_FAST_MATH = YES;
				ONLY_ACTIVE_ARCH = YES;
				SDKROOT = iphoneos;
				SWIFT_ACTIVE_COMPILATION_CONDITIONS = DEBUG;
				SWIFT_OPTIMIZATION_LEVEL = "-Onone";
			};
			name = Debug;
		};
		ACF3AE432874415900B74EE9 /* Release */ = {
			isa = XCBuildConfiguration;
			buildSettings = {
				ALWAYS_SEARCH_USER_PATHS = NO;
				CLANG_ANALYZER_NONNULL = YES;
				CLANG_ANALYZER_NUMBER_OBJECT_CONVERSION = YES_AGGRESSIVE;
				CLANG_CXX_LANGUAGE_STANDARD = "gnu++17";
				CLANG_ENABLE_MODULES = YES;
				CLANG_ENABLE_OBJC_ARC = YES;
				CLANG_ENABLE_OBJC_WEAK = YES;
				CLANG_WARN_BLOCK_CAPTURE_AUTORELEASING = YES;
				CLANG_WARN_BOOL_CONVERSION = YES;
				CLANG_WARN_COMMA = YES;
				CLANG_WARN_CONSTANT_CONVERSION = YES;
				CLANG_WARN_DEPRECATED_OBJC_IMPLEMENTATIONS = YES;
				CLANG_WARN_DIRECT_OBJC_ISA_USAGE = YES_ERROR;
				CLANG_WARN_DOCUMENTATION_COMMENTS = YES;
				CLANG_WARN_EMPTY_BODY = YES;
				CLANG_WARN_ENUM_CONVERSION = YES;
				CLANG_WARN_INFINITE_RECURSION = YES;
				CLANG_WARN_INT_CONVERSION = YES;
				CLANG_WARN_NON_LITERAL_NULL_CONVERSION = YES;
				CLANG_WARN_OBJC_IMPLICIT_RETAIN_SELF = YES;
				CLANG_WARN_OBJC_LITERAL_CONVERSION = YES;
				CLANG_WARN_OBJC_ROOT_CLASS = YES_ERROR;
				CLANG_WARN_QUOTED_INCLUDE_IN_FRAMEWORK_HEADER = YES;
				CLANG_WARN_RANGE_LOOP_ANALYSIS = YES;
				CLANG_WARN_STRICT_PROTOTYPES = YES;
				CLANG_WARN_SUSPICIOUS_MOVE = YES;
				CLANG_WARN_UNGUARDED_AVAILABILITY = YES_AGGRESSIVE;
				CLANG_WARN_UNREACHABLE_CODE = YES;
				CLANG_WARN__DUPLICATE_METHOD_MATCH = YES;
				COPY_PHASE_STRIP = NO;
				DEBUG_INFORMATION_FORMAT = "dwarf-with-dsym";
				ENABLE_NS_ASSERTIONS = NO;
				ENABLE_STRICT_OBJC_MSGSEND = YES;
				GCC_C_LANGUAGE_STANDARD = gnu11;
				GCC_NO_COMMON_BLOCKS = YES;
				GCC_WARN_64_TO_32_BIT_CONVERSION = YES;
				GCC_WARN_ABOUT_RETURN_TYPE = YES_ERROR;
				GCC_WARN_UNDECLARED_SELECTOR = YES;
				GCC_WARN_UNINITIALIZED_AUTOS = YES_AGGRESSIVE;
				GCC_WARN_UNUSED_FUNCTION = YES;
				GCC_WARN_UNUSED_VARIABLE = YES;
				IPHONEOS_DEPLOYMENT_TARGET = 15.5;
				MTL_ENABLE_DEBUG_INFO = NO;
				MTL_FAST_MATH = YES;
				SDKROOT = iphoneos;
				SWIFT_COMPILATION_MODE = wholemodule;
				SWIFT_OPTIMIZATION_LEVEL = "-O";
				VALIDATE_PRODUCT = YES;
			};
			name = Release;
		};
		ACF3AE452874415900B74EE9 /* Debug */ = {
			isa = XCBuildConfiguration;
			buildSettings = {
				ASSETCATALOG_COMPILER_APPICON_NAME = AppIcon;
				ASSETCATALOG_COMPILER_GLOBAL_ACCENT_COLOR_NAME = AccentColor;
				CODE_SIGN_STYLE = Automatic;
				CURRENT_PROJECT_VERSION = 1;
				DEVELOPMENT_ASSET_PATHS = "\"PizzaApp/Preview Content\"";
				DEVELOPMENT_TEAM = LU893QGJWJ;
				ENABLE_PREVIEWS = YES;
				GENERATE_INFOPLIST_FILE = YES;
				INFOPLIST_KEY_UIApplicationSceneManifest_Generation = YES;
				INFOPLIST_KEY_UIApplicationSupportsIndirectInputEvents = YES;
				INFOPLIST_KEY_UILaunchScreen_Generation = YES;
				INFOPLIST_KEY_UISupportedInterfaceOrientations_iPad = "UIInterfaceOrientationPortrait UIInterfaceOrientationPortraitUpsideDown UIInterfaceOrientationLandscapeLeft UIInterfaceOrientationLandscapeRight";
				INFOPLIST_KEY_UISupportedInterfaceOrientations_iPhone = "UIInterfaceOrientationPortrait UIInterfaceOrientationLandscapeLeft UIInterfaceOrientationLandscapeRight";
				LD_RUNPATH_SEARCH_PATHS = (
					"$(inherited)",
					"@executable_path/Frameworks",
				);
				MARKETING_VERSION = 1.0;
				PRODUCT_BUNDLE_IDENTIFIER = com.test.PizzaApp;
				PRODUCT_NAME = "$(TARGET_NAME)";
				SWIFT_EMIT_LOC_STRINGS = YES;
				SWIFT_VERSION = 5.0;
				TARGETED_DEVICE_FAMILY = "1,2";
			};
			name = Debug;
		};
		ACF3AE462874415900B74EE9 /* Release */ = {
			isa = XCBuildConfiguration;
			buildSettings = {
				ASSETCATALOG_COMPILER_APPICON_NAME = AppIcon;
				ASSETCATALOG_COMPILER_GLOBAL_ACCENT_COLOR_NAME = AccentColor;
				CODE_SIGN_STYLE = Automatic;
				CURRENT_PROJECT_VERSION = 1;
				DEVELOPMENT_ASSET_PATHS = "\"PizzaApp/Preview Content\"";
				DEVELOPMENT_TEAM = LU893QGJWJ;
				ENABLE_PREVIEWS = YES;
				GENERATE_INFOPLIST_FILE = YES;
				INFOPLIST_KEY_UIApplicationSceneManifest_Generation = YES;
				INFOPLIST_KEY_UIApplicationSupportsIndirectInputEvents = YES;
				INFOPLIST_KEY_UILaunchScreen_Generation = YES;
				INFOPLIST_KEY_UISupportedInterfaceOrientations_iPad = "UIInterfaceOrientationPortrait UIInterfaceOrientationPortraitUpsideDown UIInterfaceOrientationLandscapeLeft UIInterfaceOrientationLandscapeRight";
				INFOPLIST_KEY_UISupportedInterfaceOrientations_iPhone = "UIInterfaceOrientationPortrait UIInterfaceOrientationLandscapeLeft UIInterfaceOrientationLandscapeRight";
				LD_RUNPATH_SEARCH_PATHS = (
					"$(inherited)",
					"@executable_path/Frameworks",
				);
				MARKETING_VERSION = 1.0;
				PRODUCT_BUNDLE_IDENTIFIER = com.test.PizzaApp;
				PRODUCT_NAME = "$(TARGET_NAME)";
				SWIFT_EMIT_LOC_STRINGS = YES;
				SWIFT_VERSION = 5.0;
				TARGETED_DEVICE_FAMILY = "1,2";
			};
			name = Release;
		};
		ACF3AE482874415900B74EE9 /* Debug */ = {
			isa = XCBuildConfiguration;
			buildSettings = {
				ALWAYS_EMBED_SWIFT_STANDARD_LIBRARIES = YES;
				BUNDLE_LOADER = "$(TEST_HOST)";
				CODE_SIGN_STYLE = Automatic;
				CURRENT_PROJECT_VERSION = 1;
				DEVELOPMENT_TEAM = LU893QGJWJ;
				GENERATE_INFOPLIST_FILE = YES;
				IPHONEOS_DEPLOYMENT_TARGET = 15.5;
				MARKETING_VERSION = 1.0;
				PRODUCT_BUNDLE_IDENTIFIER = com.test.PizzaAppTests;
				PRODUCT_NAME = "$(TARGET_NAME)";
				SWIFT_EMIT_LOC_STRINGS = NO;
				SWIFT_VERSION = 5.0;
				TARGETED_DEVICE_FAMILY = "1,2";
				TEST_HOST = "$(BUILT_PRODUCTS_DIR)/PizzaApp.app/PizzaApp";
			};
			name = Debug;
		};
		ACF3AE492874415900B74EE9 /* Release */ = {
			isa = XCBuildConfiguration;
			buildSettings = {
				ALWAYS_EMBED_SWIFT_STANDARD_LIBRARIES = YES;
				BUNDLE_LOADER = "$(TEST_HOST)";
				CODE_SIGN_STYLE = Automatic;
				CURRENT_PROJECT_VERSION = 1;
				DEVELOPMENT_TEAM = LU893QGJWJ;
				GENERATE_INFOPLIST_FILE = YES;
				IPHONEOS_DEPLOYMENT_TARGET = 15.5;
				MARKETING_VERSION = 1.0;
				PRODUCT_BUNDLE_IDENTIFIER = com.test.PizzaAppTests;
				PRODUCT_NAME = "$(TARGET_NAME)";
				SWIFT_EMIT_LOC_STRINGS = NO;
				SWIFT_VERSION = 5.0;
				TARGETED_DEVICE_FAMILY = "1,2";
				TEST_HOST = "$(BUILT_PRODUCTS_DIR)/PizzaApp.app/PizzaApp";
			};
			name = Release;
		};
		ACF3AE4B2874415900B74EE9 /* Debug */ = {
			isa = XCBuildConfiguration;
			buildSettings = {
				ALWAYS_EMBED_SWIFT_STANDARD_LIBRARIES = YES;
				CODE_SIGN_STYLE = Automatic;
				CURRENT_PROJECT_VERSION = 1;
				DEVELOPMENT_TEAM = LU893QGJWJ;
				GENERATE_INFOPLIST_FILE = YES;
				MARKETING_VERSION = 1.0;
				PRODUCT_BUNDLE_IDENTIFIER = com.test.PizzaAppUITests;
				PRODUCT_NAME = "$(TARGET_NAME)";
				SWIFT_EMIT_LOC_STRINGS = NO;
				SWIFT_VERSION = 5.0;
				TARGETED_DEVICE_FAMILY = "1,2";
				TEST_TARGET_NAME = PizzaApp;
			};
			name = Debug;
		};
		ACF3AE4C2874415900B74EE9 /* Release */ = {
			isa = XCBuildConfiguration;
			buildSettings = {
				ALWAYS_EMBED_SWIFT_STANDARD_LIBRARIES = YES;
				CODE_SIGN_STYLE = Automatic;
				CURRENT_PROJECT_VERSION = 1;
				DEVELOPMENT_TEAM = LU893QGJWJ;
				GENERATE_INFOPLIST_FILE = YES;
				MARKETING_VERSION = 1.0;
				PRODUCT_BUNDLE_IDENTIFIER = com.test.PizzaAppUITests;
				PRODUCT_NAME = "$(TARGET_NAME)";
				SWIFT_EMIT_LOC_STRINGS = NO;
				SWIFT_VERSION = 5.0;
				TARGETED_DEVICE_FAMILY = "1,2";
				TEST_TARGET_NAME = PizzaApp;
			};
			name = Release;
		};
/* End XCBuildConfiguration section */

/* Begin XCConfigurationList section */
		ACF3AE1B2874415700B74EE9 /* Build configuration list for PBXProject "PizzaApp" */ = {
			isa = XCConfigurationList;
			buildConfigurations = (
				ACF3AE422874415900B74EE9 /* Debug */,
				ACF3AE432874415900B74EE9 /* Release */,
			);
			defaultConfigurationIsVisible = 0;
			defaultConfigurationName = Release;
		};
		ACF3AE442874415900B74EE9 /* Build configuration list for PBXNativeTarget "PizzaApp" */ = {
			isa = XCConfigurationList;
			buildConfigurations = (
				ACF3AE452874415900B74EE9 /* Debug */,
				ACF3AE462874415900B74EE9 /* Release */,
			);
			defaultConfigurationIsVisible = 0;
			defaultConfigurationName = Release;
		};
		ACF3AE472874415900B74EE9 /* Build configuration list for PBXNativeTarget "PizzaAppTests" */ = {
			isa = XCConfigurationList;
			buildConfigurations = (
				ACF3AE482874415900B74EE9 /* Debug */,
				ACF3AE492874415900B74EE9 /* Release */,
			);
			defaultConfigurationIsVisible = 0;
			defaultConfigurationName = Release;
		};
		ACF3AE4A2874415900B74EE9 /* Build configuration list for PBXNativeTarget "PizzaAppUITests" */ = {
			isa = XCConfigurationList;
			buildConfigurations = (
				ACF3AE4B2874415900B74EE9 /* Debug */,
				ACF3AE4C2874415900B74EE9 /* Release */,
			);
			defaultConfigurationIsVisible = 0;
			defaultConfigurationName = Release;
		};
/* End XCConfigurationList section */
	};
	rootObject = ACF3AE182874415700B74EE9 /* Project object */;
}
